
Microsoft Visual Studio Solution File, Format Version 12.00
# Visual Studio Version 17
VisualStudioVersion = 17.5.33530.505
MinimumVisualStudioVersion = 10.0.40219.1
Project("{9A19103F-16F7-4668-BE54-9A1E7A4F7556}") = "TrackItWeb", "TrackItWeb\TrackItWeb.csproj", "{38AD39F9-178A-4A58-AF0C-11D88F02C0B0}"
EndProject
Global
	GlobalSection(SolutionConfigurationPlatforms) = preSolution
		Debug|Any CPU = Debug|Any CPU
		Release|Any CPU = Release|Any CPU
	EndGlobalSection
	GlobalSection(ProjectConfigurationPlatforms) = postSolution
		{38AD39F9-178A-4A58-AF0C-11D88F02C0B0}.Debug|Any CPU.ActiveCfg = Debug|Any CPU
		{38AD39F9-178A-4A58-AF0C-11D88F02C0B0}.Debug|Any CPU.Build.0 = Debug|Any CPU
		{38AD39F9-178A-4A58-AF0C-11D88F02C0B0}.Release|Any CPU.ActiveCfg = Release|Any CPU
		{38AD39F9-178A-4A58-AF0C-11D88F02C0B0}.Release|Any CPU.Build.0 = Release|Any CPU
	EndGlobalSection
	GlobalSection(SolutionProperties) = preSolution
		HideSolutionNode = FALSE
	EndGlobalSection
	GlobalSection(ExtensibilityGlobals) = postSolution
		SolutionGuid = {9ADFD410-36F4-452A-9F15-C5A27ED48433}
	EndGlobalSection
EndGlobal
